
Microsoft Visual Studio Solution File, Format Version 12.00
# Visual Studio Version 17
VisualStudioVersion = 17.7.34221.43
MinimumVisualStudioVersion = 10.0.40219.1
Project("{FAE04EC0-301F-11D3-BF4B-00C04F79EFBC}") = "ConsAppJArraypart1", "ConsAppJaggedArray\ConsAppJArraypart1.csproj", "{15231B9B-D23E-48DE-8DAA-20B6CB90DC43}"
EndProject
Global
	GlobalSection(SolutionConfigurationPlatforms) = preSolution
		Debug|Any CPU = Debug|Any CPU
		Release|Any CPU = Release|Any CPU
	EndGlobalSection
	GlobalSection(ProjectConfigurationPlatforms) = postSolution
		{15231B9B-D23E-48DE-8DAA-20B6CB90DC43}.Debug|Any CPU.ActiveCfg = Debug|Any CPU
		{15231B9B-D23E-48DE-8DAA-20B6CB90DC43}.Debug|Any CPU.Build.0 = Debug|Any CPU
		{15231B9B-D23E-48DE-8DAA-20B6CB90DC43}.Release|Any CPU.ActiveCfg = Release|Any CPU
		{15231B9B-D23E-48DE-8DAA-20B6CB90DC43}.Release|Any CPU.Build.0 = Release|Any CPU
	EndGlobalSection
	GlobalSection(SolutionProperties) = preSolution
		HideSolutionNode = FALSE
	EndGlobalSection
	GlobalSection(ExtensibilityGlobals) = postSolution
		SolutionGuid = {8F0B6275-240A-45A4-8BEF-D8DC2414D4CC}
	EndGlobalSection
EndGlobal
